
Microsoft Visual Studio Solution File, Format Version 12.00
# Visual Studio 15
VisualStudioVersion = 15.0.27004.2005
MinimumVisualStudioVersion = 10.0.40219.1
Project("{FAE04EC0-301F-11D3-BF4B-00C04F79EFBC}") = "ChuongShop.UnitTest", "ChuongShop.UnitTest\ChuongShop.UnitTest.csproj", "{CA5CD781-970A-4FEF-B544-2B0EAA4CDFC4}"
EndProject
Project("{FAE04EC0-301F-11D3-BF4B-00C04F79EFBC}") = "ChuongShop.Web", "ChuongShop.Web\ChuongShop.Web.csproj", "{259D1214-33C7-4938-9E6F-98C419EB4265}"
EndProject
Project("{FAE04EC0-301F-11D3-BF4B-00C04F79EFBC}") = "ChuongShop.Common", "ChuongShop.Common\ChuongShop.Common.csproj", "{01A2644F-8B2C-4C09-88CF-EE2C577AD90C}"
EndProject
Project("{FAE04EC0-301F-11D3-BF4B-00C04F79EFBC}") = "ChuongShop.Model", "ChuongShop.Model\ChuongShop.Model.csproj", "{AD11AF8B-0D01-4B41-BD7E-782279035976}"
EndProject
Project("{FAE04EC0-301F-11D3-BF4B-00C04F79EFBC}") = "ChuongShop.Data", "ChuongShop.Data\ChuongShop.Data.csproj", "{DA02D096-859B-43A5-A882-64310E214811}"
EndProject
Project("{FAE04EC0-301F-11D3-BF4B-00C04F79EFBC}") = "ChuongShop.Service", "ChuongShop.Service\ChuongShop.Service.csproj", "{04447213-15F0-49DF-824B-0709DF74D6F7}"
EndProject
Global
	GlobalSection(SolutionConfigurationPlatforms) = preSolution
		Debug|Any CPU = Debug|Any CPU
		Debug|ARM = Debug|ARM
		Debug|x64 = Debug|x64
		Debug|x86 = Debug|x86
		Release|Any CPU = Release|Any CPU
		Release|ARM = Release|ARM
		Release|x64 = Release|x64
		Release|x86 = Release|x86
	EndGlobalSection
	GlobalSection(ProjectConfigurationPlatforms) = postSolution
		{CA5CD781-970A-4FEF-B544-2B0EAA4CDFC4}.Debug|Any CPU.ActiveCfg = Debug|Any CPU
		{CA5CD781-970A-4FEF-B544-2B0EAA4CDFC4}.Debug|Any CPU.Build.0 = Debug|Any CPU
		{CA5CD781-970A-4FEF-B544-2B0EAA4CDFC4}.Debug|ARM.ActiveCfg = Debug|Any CPU
		{CA5CD781-970A-4FEF-B544-2B0EAA4CDFC4}.Debug|ARM.Build.0 = Debug|Any CPU
		{CA5CD781-970A-4FEF-B544-2B0EAA4CDFC4}.Debug|x64.ActiveCfg = Debug|Any CPU
		{CA5CD781-970A-4FEF-B544-2B0EAA4CDFC4}.Debug|x64.Build.0 = Debug|Any CPU
		{CA5CD781-970A-4FEF-B544-2B0EAA4CDFC4}.Debug|x86.ActiveCfg = Debug|Any CPU
		{CA5CD781-970A-4FEF-B544-2B0EAA4CDFC4}.Debug|x86.Build.0 = Debug|Any CPU
		{CA5CD781-970A-4FEF-B544-2B0EAA4CDFC4}.Release|Any CPU.ActiveCfg = Release|Any CPU
		{CA5CD781-970A-4FEF-B544-2B0EAA4CDFC4}.Release|Any CPU.Build.0 = Release|Any CPU
		{CA5CD781-970A-4FEF-B544-2B0EAA4CDFC4}.Release|ARM.ActiveCfg = Release|Any CPU
		{CA5CD781-970A-4FEF-B544-2B0EAA4CDFC4}.Release|ARM.Build.0 = Release|Any CPU
		{CA5CD781-970A-4FEF-B544-2B0EAA4CDFC4}.Release|x64.ActiveCfg = Release|Any CPU
		{CA5CD781-970A-4FEF-B544-2B0EAA4CDFC4}.Release|x64.Build.0 = Release|Any CPU
		{CA5CD781-970A-4FEF-B544-2B0EAA4CDFC4}.Release|x86.ActiveCfg = Release|Any CPU
		{CA5CD781-970A-4FEF-B544-2B0EAA4CDFC4}.Release|x86.Build.0 = Release|Any CPU
		{259D1214-33C7-4938-9E6F-98C419EB4265}.Debug|Any CPU.ActiveCfg = Debug|Any CPU
		{259D1214-33C7-4938-9E6F-98C419EB4265}.Debug|Any CPU.Build.0 = Debug|Any CPU
		{259D1214-33C7-4938-9E6F-98C419EB4265}.Debug|ARM.ActiveCfg = Debug|Any CPU
		{259D1214-33C7-4938-9E6F-98C419EB4265}.Debug|ARM.Build.0 = Debug|Any CPU
		{259D1214-33C7-4938-9E6F-98C419EB4265}.Debug|x64.ActiveCfg = Debug|Any CPU
		{259D1214-33C7-4938-9E6F-98C419EB4265}.Debug|x64.Build.0 = Debug|Any CPU
		{259D1214-33C7-4938-9E6F-98C419EB4265}.Debug|x86.ActiveCfg = Debug|Any CPU
		{259D1214-33C7-4938-9E6F-98C419EB4265}.Debug|x86.Build.0 = Debug|Any CPU
		{259D1214-33C7-4938-9E6F-98C419EB4265}.Release|Any CPU.ActiveCfg = Release|Any CPU
		{259D1214-33C7-4938-9E6F-98C419EB4265}.Release|Any CPU.Build.0 = Release|Any CPU
		{259D1214-33C7-4938-9E6F-98C419EB4265}.Release|ARM.ActiveCfg = Release|Any CPU
		{259D1214-33C7-4938-9E6F-98C419EB4265}.Release|ARM.Build.0 = Release|Any CPU
		{259D1214-33C7-4938-9E6F-98C419EB4265}.Release|x64.ActiveCfg = Release|Any CPU
		{259D1214-33C7-4938-9E6F-98C419EB4265}.Release|x64.Build.0 = Release|Any CPU
		{259D1214-33C7-4938-9E6F-98C419EB4265}.Release|x86.ActiveCfg = Release|Any CPU
		{259D1214-33C7-4938-9E6F-98C419EB4265}.Release|x86.Build.0 = Release|Any CPU
		{01A2644F-8B2C-4C09-88CF-EE2C577AD90C}.Debug|Any CPU.ActiveCfg = Debug|Any CPU
		{01A2644F-8B2C-4C09-88CF-EE2C577AD90C}.Debug|Any CPU.Build.0 = Debug|Any CPU
		{01A2644F-8B2C-4C09-88CF-EE2C577AD90C}.Debug|ARM.ActiveCfg = Debug|Any CPU
		{01A2644F-8B2C-4C09-88CF-EE2C577AD90C}.Debug|ARM.Build.0 = Debug|Any CPU
		{01A2644F-8B2C-4C09-88CF-EE2C577AD90C}.Debug|x64.ActiveCfg = Debug|Any CPU
		{01A2644F-8B2C-4C09-88CF-EE2C577AD90C}.Debug|x64.Build.0 = Debug|Any CPU
		{01A2644F-8B2C-4C09-88CF-EE2C577AD90C}.Debug|x86.ActiveCfg = Debug|Any CPU
		{01A2644F-8B2C-4C09-88CF-EE2C577AD90C}.Debug|x86.Build.0 = Debug|Any CPU
		{01A2644F-8B2C-4C09-88CF-EE2C577AD90C}.Release|Any CPU.ActiveCfg = Release|Any CPU
		{01A2644F-8B2C-4C09-88CF-EE2C577AD90C}.Release|Any CPU.Build.0 = Release|Any CPU
		{01A2644F-8B2C-4C09-88CF-EE2C577AD90C}.Release|ARM.ActiveCfg = Release|Any CPU
		{01A2644F-8B2C-4C09-88CF-EE2C577AD90C}.Release|ARM.Build.0 = Release|Any CPU
		{01A2644F-8B2C-4C09-88CF-EE2C577AD90C}.Release|x64.ActiveCfg = Release|Any CPU
		{01A2644F-8B2C-4C09-88CF-EE2C577AD90C}.Release|x64.Build.0 = Release|Any CPU
		{01A2644F-8B2C-4C09-88CF-EE2C577AD90C}.Release|x86.ActiveCfg = Release|Any CPU
		{01A2644F-8B2C-4C09-88CF-EE2C577AD90C}.Release|x86.Build.0 = Release|Any CPU
		{AD11AF8B-0D01-4B41-BD7E-782279035976}.Debug|Any CPU.ActiveCfg = Debug|Any CPU
		{AD11AF8B-0D01-4B41-BD7E-782279035976}.Debug|Any CPU.Build.0 = Debug|Any CPU
		{AD11AF8B-0D01-4B41-BD7E-782279035976}.Debug|ARM.ActiveCfg = Debug|Any CPU
		{AD11AF8B-0D01-4B41-BD7E-782279035976}.Debug|ARM.Build.0 = Debug|Any CPU
		{AD11AF8B-0D01-4B41-BD7E-782279035976}.Debug|x64.ActiveCfg = Debug|Any CPU
		{AD11AF8B-0D01-4B41-BD7E-782279035976}.Debug|x64.Build.0 = Debug|Any CPU
		{AD11AF8B-0D01-4B41-BD7E-782279035976}.Debug|x86.ActiveCfg = Debug|Any CPU
		{AD11AF8B-0D01-4B41-BD7E-782279035976}.Debug|x86.Build.0 = Debug|Any CPU
		{AD11AF8B-0D01-4B41-BD7E-782279035976}.Release|Any CPU.ActiveCfg = Release|Any CPU
		{AD11AF8B-0D01-4B41-BD7E-782279035976}.Release|Any CPU.Build.0 = Release|Any CPU
		{AD11AF8B-0D01-4B41-BD7E-782279035976}.Release|ARM.ActiveCfg = Release|Any CPU
		{AD11AF8B-0D01-4B41-BD7E-782279035976}.Release|ARM.Build.0 = Release|Any CPU
		{AD11AF8B-0D01-4B41-BD7E-782279035976}.Release|x64.ActiveCfg = Release|Any CPU
		{AD11AF8B-0D01-4B41-BD7E-782279035976}.Release|x64.Build.0 = Release|Any CPU
		{AD11AF8B-0D01-4B41-BD7E-782279035976}.Release|x86.ActiveCfg = Release|Any CPU
		{AD11AF8B-0D01-4B41-BD7E-782279035976}.Release|x86.Build.0 = Release|Any CPU
		{DA02D096-859B-43A5-A882-64310E214811}.Debug|Any CPU.ActiveCfg = Debug|Any CPU
		{DA02D096-859B-43A5-A882-64310E214811}.Debug|Any CPU.Build.0 = Debug|Any CPU
		{DA02D096-859B-43A5-A882-64310E214811}.Debug|ARM.ActiveCfg = Debug|Any CPU
		{DA02D096-859B-43A5-A882-64310E214811}.Debug|ARM.Build.0 = Debug|Any CPU
		{DA02D096-859B-43A5-A882-64310E214811}.Debug|x64.ActiveCfg = Debug|Any CPU
		{DA02D096-859B-43A5-A882-64310E214811}.Debug|x64.Build.0 = Debug|Any CPU
		{DA02D096-859B-43A5-A882-64310E214811}.Debug|x86.ActiveCfg = Debug|Any CPU
		{DA02D096-859B-43A5-A882-64310E214811}.Debug|x86.Build.0 = Debug|Any CPU
		{DA02D096-859B-43A5-A882-64310E214811}.Release|Any CPU.ActiveCfg = Release|Any CPU
		{DA02D096-859B-43A5-A882-64310E214811}.Release|Any CPU.Build.0 = Release|Any CPU
		{DA02D096-859B-43A5-A882-64310E214811}.Release|ARM.ActiveCfg = Release|Any CPU
		{DA02D096-859B-43A5-A882-64310E214811}.Release|ARM.Build.0 = Release|Any CPU
		{DA02D096-859B-43A5-A882-64310E214811}.Release|x64.ActiveCfg = Release|Any CPU
		{DA02D096-859B-43A5-A882-64310E214811}.Release|x64.Build.0 = Release|Any CPU
		{DA02D096-859B-43A5-A882-64310E214811}.Release|x86.ActiveCfg = Release|Any CPU
		{DA02D096-859B-43A5-A882-64310E214811}.Release|x86.Build.0 = Release|Any CPU
		{04447213-15F0-49DF-824B-0709DF74D6F7}.Debug|Any CPU.ActiveCfg = Debug|Any CPU
		{04447213-15F0-49DF-824B-0709DF74D6F7}.Debug|Any CPU.Build.0 = Debug|Any CPU
		{04447213-15F0-49DF-824B-0709DF74D6F7}.Debug|ARM.ActiveCfg = Debug|Any CPU
		{04447213-15F0-49DF-824B-0709DF74D6F7}.Debug|ARM.Build.0 = Debug|Any CPU
		{04447213-15F0-49DF-824B-0709DF74D6F7}.Debug|x64.ActiveCfg = Debug|Any CPU
		{04447213-15F0-49DF-824B-0709DF74D6F7}.Debug|x64.Build.0 = Debug|Any CPU
		{04447213-15F0-49DF-824B-0709DF74D6F7}.Debug|x86.ActiveCfg = Debug|Any CPU
		{04447213-15F0-49DF-824B-0709DF74D6F7}.Debug|x86.Build.0 = Debug|Any CPU
		{04447213-15F0-49DF-824B-0709DF74D6F7}.Release|Any CPU.ActiveCfg = Release|Any CPU
		{04447213-15F0-49DF-824B-0709DF74D6F7}.Release|Any CPU.Build.0 = Release|Any CPU
		{04447213-15F0-49DF-824B-0709DF74D6F7}.Release|ARM.ActiveCfg = Release|Any CPU
		{04447213-15F0-49DF-824B-0709DF74D6F7}.Release|ARM.Build.0 = Release|Any CPU
		{04447213-15F0-49DF-824B-0709DF74D6F7}.Release|x64.ActiveCfg = Release|Any CPU
		{04447213-15F0-49DF-824B-0709DF74D6F7}.Release|x64.Build.0 = Release|Any CPU
		{04447213-15F0-49DF-824B-0709DF74D6F7}.Release|x86.ActiveCfg = Release|Any CPU
		{04447213-15F0-49DF-824B-0709DF74D6F7}.Release|x86.Build.0 = Release|Any CPU
	EndGlobalSection
	GlobalSection(SolutionProperties) = preSolution
		HideSolutionNode = FALSE
	EndGlobalSection
	GlobalSection(ExtensibilityGlobals) = postSolution
		SolutionGuid = {9610E31E-D73D-434D-9916-9DE733EF7B0F}
	EndGlobalSection
EndGlobal
